
Microsoft Visual Studio Solution File, Format Version 12.00
# Visual Studio Version 17
VisualStudioVersion = 17.0.31903.59
MinimumVisualStudioVersion = 10.0.40219.1
Project("{FAE04EC0-301F-11D3-BF4B-00C04F79EFBC}") = "PortfolioAnalyzer.Core", "PortfolioAnalyzer.Core\PortfolioAnalyzer.Core.csproj", "{101C1D86-102C-4E5A-896C-C184558114F2}"
EndProject
Project("{FAE04EC0-301F-11D3-BF4B-00C04F79EFBC}") = "PortfolioAnalyzer.Console", "PortfolioAnalyzer.Console\PortfolioAnalyzer.Console.csproj", "{38E1FF81-AD3C-4492-A33A-1BE216A51545}"
EndProject
Project("{FAE04EC0-301F-11D3-BF4B-00C04F79EFBC}") = "PortfolioAnalyzer.Api", "PortfolioAnalyzer.Api\PortfolioAnalyzer.Api.csproj", "{73F6A23D-E086-40CB-9A55-BF4E644BBCA7}"
EndProject
Project("{FAE04EC0-301F-11D3-BF4B-00C04F79EFBC}") = "PortfolioAnalyzer.Tests", "PortfolioAnalyzer.Tests\PortfolioAnalyzer.Tests.csproj", "{F6A4902F-AF4C-483C-B378-CE932E52ECB3}"
EndProject
Global
	GlobalSection(SolutionConfigurationPlatforms) = preSolution
		Debug|Any CPU = Debug|Any CPU
		Release|Any CPU = Release|Any CPU
	EndGlobalSection
	GlobalSection(SolutionProperties) = preSolution
		HideSolutionNode = FALSE
	EndGlobalSection
	GlobalSection(ProjectConfigurationPlatforms) = postSolution
		{101C1D86-102C-4E5A-896C-C184558114F2}.Debug|Any CPU.ActiveCfg = Debug|Any CPU
		{101C1D86-102C-4E5A-896C-C184558114F2}.Debug|Any CPU.Build.0 = Debug|Any CPU
		{101C1D86-102C-4E5A-896C-C184558114F2}.Release|Any CPU.ActiveCfg = Release|Any CPU
		{101C1D86-102C-4E5A-896C-C184558114F2}.Release|Any CPU.Build.0 = Release|Any CPU
		{38E1FF81-AD3C-4492-A33A-1BE216A51545}.Debug|Any CPU.ActiveCfg = Debug|Any CPU
		{38E1FF81-AD3C-4492-A33A-1BE216A51545}.Debug|Any CPU.Build.0 = Debug|Any CPU
		{38E1FF81-AD3C-4492-A33A-1BE216A51545}.Release|Any CPU.ActiveCfg = Release|Any CPU
		{38E1FF81-AD3C-4492-A33A-1BE216A51545}.Release|Any CPU.Build.0 = Release|Any CPU
		{73F6A23D-E086-40CB-9A55-BF4E644BBCA7}.Debug|Any CPU.ActiveCfg = Debug|Any CPU
		{73F6A23D-E086-40CB-9A55-BF4E644BBCA7}.Debug|Any CPU.Build.0 = Debug|Any CPU
		{73F6A23D-E086-40CB-9A55-BF4E644BBCA7}.Release|Any CPU.ActiveCfg = Release|Any CPU
		{73F6A23D-E086-40CB-9A55-BF4E644BBCA7}.Release|Any CPU.Build.0 = Release|Any CPU
		{F6A4902F-AF4C-483C-B378-CE932E52ECB3}.Debug|Any CPU.ActiveCfg = Debug|Any CPU
		{F6A4902F-AF4C-483C-B378-CE932E52ECB3}.Debug|Any CPU.Build.0 = Debug|Any CPU
		{F6A4902F-AF4C-483C-B378-CE932E52ECB3}.Release|Any CPU.ActiveCfg = Release|Any CPU
		{F6A4902F-AF4C-483C-B378-CE932E52ECB3}.Release|Any CPU.Build.0 = Release|Any CPU
	EndGlobalSection
EndGlobal
